
Microsoft Visual Studio Solution File, Format Version 12.00
# Visual Studio Version 17
VisualStudioVersion = 17.0.31903.59
MinimumVisualStudioVersion = 10.0.40219.1
Project("{2150E333-8FDC-42A3-9474-1A3956D46DE8}") = "src", "src", "{E71AA5EB-41EA-4A90-B0FF-F6D84068BBEC}"
EndProject
Project("{FAE04EC0-301F-11D3-BF4B-00C04F79EFBC}") = "API", "src\API\API.csproj", "{B088ED78-58FC-4375-B1D5-AB75228A28C5}"
EndProject
Project("{FAE04EC0-301F-11D3-BF4B-00C04F79EFBC}") = "Domain", "src\Domain\Domain.csproj", "{E85EA1C3-ABC8-4B21-85B4-28F39C89D1A2}"
EndProject
Project("{FAE04EC0-301F-11D3-BF4B-00C04F79EFBC}") = "Infrastructure", "src\Infrastructure\Infrastructure.csproj", "{F087B75E-27A9-4E9C-AB8A-AA63AD3D4BCD}"
EndProject
Project("{FAE04EC0-301F-11D3-BF4B-00C04F79EFBC}") = "Application", "src\Application\Application.csproj", "{21C46E84-D76E-4AB0-8549-295EE6F52256}"
EndProject
Project("{FAE04EC0-301F-11D3-BF4B-00C04F79EFBC}") = "Persistence", "src\Persistence\Persistence.csproj", "{9EB7A44F-7BEF-4280-9EDF-FFDFD67807C0}"
EndProject
Global
	GlobalSection(SolutionConfigurationPlatforms) = preSolution
		Debug|Any CPU = Debug|Any CPU
		Release|Any CPU = Release|Any CPU
	EndGlobalSection
	GlobalSection(SolutionProperties) = preSolution
		HideSolutionNode = FALSE
	EndGlobalSection
	GlobalSection(ProjectConfigurationPlatforms) = postSolution
		{B088ED78-58FC-4375-B1D5-AB75228A28C5}.Debug|Any CPU.ActiveCfg = Debug|Any CPU
		{B088ED78-58FC-4375-B1D5-AB75228A28C5}.Debug|Any CPU.Build.0 = Debug|Any CPU
		{B088ED78-58FC-4375-B1D5-AB75228A28C5}.Release|Any CPU.ActiveCfg = Release|Any CPU
		{B088ED78-58FC-4375-B1D5-AB75228A28C5}.Release|Any CPU.Build.0 = Release|Any CPU
		{E85EA1C3-ABC8-4B21-85B4-28F39C89D1A2}.Debug|Any CPU.ActiveCfg = Debug|Any CPU
		{E85EA1C3-ABC8-4B21-85B4-28F39C89D1A2}.Debug|Any CPU.Build.0 = Debug|Any CPU
		{E85EA1C3-ABC8-4B21-85B4-28F39C89D1A2}.Release|Any CPU.ActiveCfg = Release|Any CPU
		{E85EA1C3-ABC8-4B21-85B4-28F39C89D1A2}.Release|Any CPU.Build.0 = Release|Any CPU
		{F087B75E-27A9-4E9C-AB8A-AA63AD3D4BCD}.Debug|Any CPU.ActiveCfg = Debug|Any CPU
		{F087B75E-27A9-4E9C-AB8A-AA63AD3D4BCD}.Debug|Any CPU.Build.0 = Debug|Any CPU
		{F087B75E-27A9-4E9C-AB8A-AA63AD3D4BCD}.Release|Any CPU.ActiveCfg = Release|Any CPU
		{F087B75E-27A9-4E9C-AB8A-AA63AD3D4BCD}.Release|Any CPU.Build.0 = Release|Any CPU
		{21C46E84-D76E-4AB0-8549-295EE6F52256}.Debug|Any CPU.ActiveCfg = Debug|Any CPU
		{21C46E84-D76E-4AB0-8549-295EE6F52256}.Debug|Any CPU.Build.0 = Debug|Any CPU
		{21C46E84-D76E-4AB0-8549-295EE6F52256}.Release|Any CPU.ActiveCfg = Release|Any CPU
		{21C46E84-D76E-4AB0-8549-295EE6F52256}.Release|Any CPU.Build.0 = Release|Any CPU
		{9EB7A44F-7BEF-4280-9EDF-FFDFD67807C0}.Debug|Any CPU.ActiveCfg = Debug|Any CPU
		{9EB7A44F-7BEF-4280-9EDF-FFDFD67807C0}.Debug|Any CPU.Build.0 = Debug|Any CPU
		{9EB7A44F-7BEF-4280-9EDF-FFDFD67807C0}.Release|Any CPU.ActiveCfg = Release|Any CPU
		{9EB7A44F-7BEF-4280-9EDF-FFDFD67807C0}.Release|Any CPU.Build.0 = Release|Any CPU
	EndGlobalSection
	GlobalSection(NestedProjects) = preSolution
		{B088ED78-58FC-4375-B1D5-AB75228A28C5} = {E71AA5EB-41EA-4A90-B0FF-F6D84068BBEC}
		{E85EA1C3-ABC8-4B21-85B4-28F39C89D1A2} = {E71AA5EB-41EA-4A90-B0FF-F6D84068BBEC}
		{F087B75E-27A9-4E9C-AB8A-AA63AD3D4BCD} = {E71AA5EB-41EA-4A90-B0FF-F6D84068BBEC}
		{21C46E84-D76E-4AB0-8549-295EE6F52256} = {E71AA5EB-41EA-4A90-B0FF-F6D84068BBEC}
		{9EB7A44F-7BEF-4280-9EDF-FFDFD67807C0} = {E71AA5EB-41EA-4A90-B0FF-F6D84068BBEC}
	EndGlobalSection
EndGlobal
